
Microsoft Visual Studio Solution File, Format Version 12.00
# Visual Studio Version 17
VisualStudioVersion = 17.8.34330.188
MinimumVisualStudioVersion = 10.0.40219.1
Project("{9A19103F-16F7-4668-BE54-9A1E7A4F7556}") = "CarRental", "CarRental\CarRental.csproj", "{EA3A775F-6482-4A73-9074-A774D1EC5736}"
EndProject
Global
	GlobalSection(SolutionConfigurationPlatforms) = preSolution
		Debug|Any CPU = Debug|Any CPU
		Release|Any CPU = Release|Any CPU
	EndGlobalSection
	GlobalSection(ProjectConfigurationPlatforms) = postSolution
		{EA3A775F-6482-4A73-9074-A774D1EC5736}.Debug|Any CPU.ActiveCfg = Debug|Any CPU
		{EA3A775F-6482-4A73-9074-A774D1EC5736}.Debug|Any CPU.Build.0 = Debug|Any CPU
		{EA3A775F-6482-4A73-9074-A774D1EC5736}.Release|Any CPU.ActiveCfg = Release|Any CPU
		{EA3A775F-6482-4A73-9074-A774D1EC5736}.Release|Any CPU.Build.0 = Release|Any CPU
	EndGlobalSection
	GlobalSection(SolutionProperties) = preSolution
		HideSolutionNode = FALSE
	EndGlobalSection
	GlobalSection(ExtensibilityGlobals) = postSolution
		SolutionGuid = {6F813B1D-D099-4D8F-BA0E-E2C3A41C6B16}
	EndGlobalSection
EndGlobal
